
Microsoft Visual Studio Solution File, Format Version 12.00
# Visual Studio 2012
Project("{8BC9CEB8-8B4A-11D0-8D11-00A0C91BC942}") = "DetourHook", "DetourHook\DetourHook.vcxproj", "{B6E69357-0B02-44E6-AEE5-A7F207424387}"
EndProject
Project("{8BC9CEB8-8B4A-11D0-8D11-00A0C91BC942}") = "DetourHookDll", "DetourHookDll\DetourHookDll.vcxproj", "{6856EE4F-8914-4645-927E-179FF29D5DBC}"
EndProject
Global
	GlobalSection(SolutionConfigurationPlatforms) = preSolution
		Debug|Win32 = Debug|Win32
		Debug|x64 = Debug|x64
		Release|Win32 = Release|Win32
		Release|x64 = Release|x64
	EndGlobalSection
	GlobalSection(ProjectConfigurationPlatforms) = postSolution
		{B6E69357-0B02-44E6-AEE5-A7F207424387}.Debug|Win32.ActiveCfg = Debug|Win32
		{B6E69357-0B02-44E6-AEE5-A7F207424387}.Debug|Win32.Build.0 = Debug|Win32
		{B6E69357-0B02-44E6-AEE5-A7F207424387}.Debug|x64.ActiveCfg = Debug|x64
		{B6E69357-0B02-44E6-AEE5-A7F207424387}.Debug|x64.Build.0 = Debug|x64
		{B6E69357-0B02-44E6-AEE5-A7F207424387}.Release|Win32.ActiveCfg = Release|Win32
		{B6E69357-0B02-44E6-AEE5-A7F207424387}.Release|Win32.Build.0 = Release|Win32
		{B6E69357-0B02-44E6-AEE5-A7F207424387}.Release|x64.ActiveCfg = Release|x64
		{B6E69357-0B02-44E6-AEE5-A7F207424387}.Release|x64.Build.0 = Release|x64
		{6856EE4F-8914-4645-927E-179FF29D5DBC}.Debug|Win32.ActiveCfg = Debug|Win32
		{6856EE4F-8914-4645-927E-179FF29D5DBC}.Debug|Win32.Build.0 = Debug|Win32
		{6856EE4F-8914-4645-927E-179FF29D5DBC}.Debug|x64.ActiveCfg = Debug|x64
		{6856EE4F-8914-4645-927E-179FF29D5DBC}.Debug|x64.Build.0 = Debug|x64
		{6856EE4F-8914-4645-927E-179FF29D5DBC}.Release|Win32.ActiveCfg = Release|Win32
		{6856EE4F-8914-4645-927E-179FF29D5DBC}.Release|Win32.Build.0 = Release|Win32
		{6856EE4F-8914-4645-927E-179FF29D5DBC}.Release|x64.ActiveCfg = Release|x64
		{6856EE4F-8914-4645-927E-179FF29D5DBC}.Release|x64.Build.0 = Release|x64
	EndGlobalSection
	GlobalSection(SolutionProperties) = preSolution
		HideSolutionNode = FALSE
	EndGlobalSection
EndGlobal
